// !$*UTF8*$!
{
	archiveVersion = 1;
	classes = {
	};
	objectVersion = 50;
	objects = {

/* Begin PBXBuildFile section */
		598E299D230D28E300113D76 /* AppDelegate.swift in Sources */ = {isa = PBXBuildFile; fileRef = 598E299C230D28E300113D76 /* AppDelegate.swift */; };
		598E299F230D28E300113D76 /* ViewController.swift in Sources */ = {isa = PBXBuildFile; fileRef = 598E299E230D28E300113D76 /* ViewController.swift */; };
		598E29A2230D28E300113D76 /* Main.storyboard in Resources */ = {isa = PBXBuildFile; fileRef = 598E29A0230D28E300113D76 /* Main.storyboard */; };
		598E29A4230D28E500113D76 /* Assets.xcassets in Resources */ = {isa = PBXBuildFile; fileRef = 598E29A3230D28E500113D76 /* Assets.xcassets */; };
		598E29A7230D28E500113D76 /* LaunchScreen.storyboard in Resources */ = {isa = PBXBuildFile; fileRef = 598E29A5230D28E500113D76 /* LaunchScreen.storyboard */; };
		598E29B2230D28E500113D76 /* Call_APITests.swift in Sources */ = {isa = PBXBuildFile; fileRef = 598E29B1230D28E500113D76 /* Call_APITests.swift */; };
/* End PBXBuildFile section */

/* Begin PBXContainerItemProxy section */
		598E29AE230D28E500113D76 /* PBXContainerItemProxy */ = {
			isa = PBXContainerItemProxy;
			containerPortal = 598E2991230D28E300113D76 /* Project object */;
			proxyType = 1;
			remoteGlobalIDString = 598E2998230D28E300113D76;
			remoteInfo = "Call API";
		};
/* End PBXContainerItemProxy section */

/* Begin PBXFileReference section */
		598E2999230D28E300113D76 /* Call API.app */ = {isa = PBXFileReference; explicitFileType = wrapper.application; includeInIndex = 0; path = "Call API.app"; sourceTree = BUILT_PRODUCTS_DIR; };
		598E299C230D28E300113D76 /* AppDelegate.swift */ = {isa = PBXFileReference; lastKnownFileType = sourcecode.swift; path = AppDelegate.swift; sourceTree = "<group>"; };
		598E299E230D28E300113D76 /* ViewController.swift */ = {isa = PBXFileReference; lastKnownFileType = sourcecode.swift; path = ViewController.swift; sourceTree = "<group>"; };
		598E29A1230D28E300113D76 /* Base */ = {isa = PBXFileReference; lastKnownFileType = file.storyboard; name = Base; path = Base.lproj/Main.storyboard; sourceTree = "<group>"; };
		598E29A3230D28E500113D76 /* Assets.xcassets */ = {isa = PBXFileReference; lastKnownFileType = folder.assetcatalog; path = Assets.xcassets; sourceTree = "<group>"; };
		598E29A6230D28E500113D76 /* Base */ = {isa = PBXFileReference; lastKnownFileType = file.storyboard; name = Base; path = Base.lproj/LaunchScreen.storyboard; sourceTree = "<group>"; };
		598E29A8230D28E500113D76 /* Info.plist */ = {isa = PBXFileReference; lastKnownFileType = text.plist.xml; path = Info.plist; sourceTree = "<group>"; };
		598E29AD230D28E500113D76 /* Call APITests.xctest */ = {isa = PBXFileReference; explicitFileType = wrapper.cfbundle; includeInIndex = 0; path = "Call APITests.xctest"; sourceTree = BUILT_PRODUCTS_DIR; };
		598E29B1230D28E500113D76 /* Call_APITests.swift */ = {isa = PBXFileReference; lastKnownFileType = sourcecode.swift; path = Call_APITests.swift; sourceTree = "<group>"; };
		598E29B3230D28E500113D76 /* Info.plist */ = {isa = PBXFileReference; lastKnownFileType = text.plist.xml; path = Info.plist; sourceTree = "<group>"; };
/* End PBXFileReference section */

/* Begin PBXFrameworksBuildPhase section */
		598E2996230D28E300113D76 /* Frameworks */ = {
			isa = PBXFrameworksBuildPhase;
			buildActionMask = 2147483647;
			files = (
			);
			runOnlyForDeploymentPostprocessing = 0;
		};
		598E29AA230D28E500113D76 /* Frameworks */ = {
			isa = PBXFrameworksBuildPhase;
			buildActionMask = 2147483647;
			files = (
			);
			runOnlyForDeploymentPostprocessing = 0;
		};
/* End PBXFrameworksBuildPhase section */

/* Begin PBXGroup section */
		598E2990230D28E300113D76 = {
			isa = PBXGroup;
			children = (
				598E299B230D28E300113D76 /* Call API */,
				598E29B0230D28E500113D76 /* Call APITests */,
				598E299A230D28E300113D76 /* Products */,
			);
			sourceTree = "<group>";
		};
		598E299A230D28E300113D76 /* Products */ = {
			isa = PBXGroup;
			children = (
				598E2999230D28E300113D76 /* Call API.app */,
				598E29AD230D28E500113D76 /* Call APITests.xctest */,
			);
			name = Products;
			sourceTree = "<group>";
		};
		598E299B230D28E300113D76 /* Call API */ = {
			isa = PBXGroup;
			children = (
				598E299C230D28E300113D76 /* AppDelegate.swift */,
				598E299E230D28E300113D76 /* ViewController.swift */,
				598E29A0230D28E300113D76 /* Main.storyboard */,
				598E29A3230D28E500113D76 /* Assets.xcassets */,
				598E29A5230D28E500113D76 /* LaunchScreen.storyboard */,
				598E29A8230D28E500113D76 /* Info.plist */,
			);
			path = "Call API";
			sourceTree = "<group>";
		};
		598E29B0230D28E500113D76 /* Call APITests */ = {
			isa = PBXGroup;
			children = (
				598E29B1230D28E500113D76 /* Call_APITests.swift */,
				598E29B3230D28E500113D76 /* Info.plist */,
			);
			path = "Call APITests";
			sourceTree = "<group>";
		};
/* End PBXGroup section */

/* Begin PBXNativeTarget section */
		598E2998230D28E300113D76 /* Call API */ = {
			isa = PBXNativeTarget;
			buildConfigurationList = 598E29B6230D28E500113D76 /* Build configuration list for PBXNativeTarget "Call API" */;
			buildPhases = (
				598E2995230D28E300113D76 /* Sources */,
				598E2996230D28E300113D76 /* Frameworks */,
				598E2997230D28E300113D76 /* Resources */,
			);
			buildRules = (
			);
			dependencies = (
			);
			name = "Call API";
			productName = "Call API";
			productReference = 598E2999230D28E300113D76 /* Call API.app */;
			productType = "com.apple.product-type.application";
		};
		598E29AC230D28E500113D76 /* Call APITests */ = {
			isa = PBXNativeTarget;
			buildConfigurationList = 598E29B9230D28E500113D76 /* Build configuration list for PBXNativeTarget "Call APITests" */;
			buildPhases = (
				598E29A9230D28E500113D76 /* Sources */,
				598E29AA230D28E500113D76 /* Frameworks */,
				598E29AB230D28E500113D76 /* Resources */,
			);
			buildRules = (
			);
			dependencies = (
				598E29AF230D28E500113D76 /* PBXTargetDependency */,
			);
			name = "Call APITests";
			productName = "Call APITests";
			productReference = 598E29AD230D28E500113D76 /* Call APITests.xctest */;
			productType = "com.apple.product-type.bundle.unit-test";
		};
/* End PBXNativeTarget section */

/* Begin PBXProject section */
		598E2991230D28E300113D76 /* Project object */ = {
			isa = PBXProject;
			attributes = {
				LastSwiftUpdateCheck = 0940;
				LastUpgradeCheck = 0940;
				ORGANIZATIONNAME = "CNTT-TDC";
				TargetAttributes = {
					598E2998230D28E300113D76 = {
						CreatedOnToolsVersion = 9.4.1;
					};
					598E29AC230D28E500113D76 = {
						CreatedOnToolsVersion = 9.4.1;
						TestTargetID = 598E2998230D28E300113D76;
					};
				};
			};
			buildConfigurationList = 598E2994230D28E300113D76 /* Build configuration list for PBXProject "Call API" */;
			compatibilityVersion = "Xcode 9.3";
			developmentRegion = en;
			hasScannedForEncodings = 0;
			knownRegions = (
				en,
				Base,
			);
			mainGroup = 598E2990230D28E300113D76;
			productRefGroup = 598E299A230D28E300113D76 /* Products */;
			projectDirPath = "";
			projectRoot = "";
			targets = (
				598E2998230D28E300113D76 /* Call API */,
				598E29AC230D28E500113D76 /* Call APITests */,
			);
		};
/* End PBXProject section */

/* Begin PBXResourcesBuildPhase section */
		598E2997230D28E300113D76 /* Resources */ = {
			isa = PBXResourcesBuildPhase;
			buildActionMask = 2147483647;
			files = (
				598E29A7230D28E500113D76 /* LaunchScreen.storyboard in Resources */,
				598E29A4230D28E500113D76 /* Assets.xcassets in Resources */,
				598E29A2230D28E300113D76 /* Main.storyboard in Resources */,
			);
			runOnlyForDeploymentPostprocessing = 0;
		};
		598E29AB230D28E500113D76 /* Resources */ = {
			isa = PBXResourcesBuildPhase;
			buildActionMask = 2147483647;
			files = (
			);
			runOnlyForDeploymentPostprocessing = 0;
		};
/* End PBXResourcesBuildPhase section */

/* Begin PBXSourcesBuildPhase section */
		598E2995230D28E300113D76 /* Sources */ = {
			isa = PBXSourcesBuildPhase;
			buildActionMask = 2147483647;
			files = (
				598E299F230D28E300113D76 /* ViewController.swift in Sources */,
				598E299D230D28E300113D76 /* AppDelegate.swift in Sources */,
			);
			runOnlyForDeploymentPostprocessing = 0;
		};
		598E29A9230D28E500113D76 /* Sources */ = {
			isa = PBXSourcesBuildPhase;
			buildActionMask = 2147483647;
			files = (
				598E29B2230D28E500113D76 /* Call_APITests.swift in Sources */,
			);
			runOnlyForDeploymentPostprocessing = 0;
		};
/* End PBXSourcesBuildPhase section */

/* Begin PBXTargetDependency section */
		598E29AF230D28E500113D76 /* PBXTargetDependency */ = {
			isa = PBXTargetDependency;
			target = 598E2998230D28E300113D76 /* Call API */;
			targetProxy = 598E29AE230D28E500113D76 /* PBXContainerItemProxy */;
		};
/* End PBXTargetDependency section */

/* Begin PBXVariantGroup section */
		598E29A0230D28E300113D76 /* Main.storyboard */ = {
			isa = PBXVariantGroup;
			children = (
				598E29A1230D28E300113D76 /* Base */,
			);
			name = Main.storyboard;
			sourceTree = "<group>";
		};
		598E29A5230D28E500113D76 /* LaunchScreen.storyboard */ = {
			isa = PBXVariantGroup;
			children = (
				598E29A6230D28E500113D76 /* Base */,
			);
			name = LaunchScreen.storyboard;
			sourceTree = "<group>";
		};
/* End PBXVariantGroup section */

/* Begin XCBuildConfiguration section */
		598E29B4230D28E500113D76 /* Debug */ = {
			isa = XCBuildConfiguration;
			buildSettings = {
				ALWAYS_SEARCH_USER_PATHS = NO;
				CLANG_ANALYZER_NONNULL = YES;
				CLANG_ANALYZER_NUMBER_OBJECT_CONVERSION = YES_AGGRESSIVE;
				CLANG_CXX_LANGUAGE_STANDARD = "gnu++14";
				CLANG_CXX_LIBRARY = "libc++";
				CLANG_ENABLE_MODULES = YES;
				CLANG_ENABLE_OBJC_ARC = YES;
				CLANG_ENABLE_OBJC_WEAK = YES;
				CLANG_WARN_BLOCK_CAPTURE_AUTORELEASING = YES;
				CLANG_WARN_BOOL_CONVERSION = YES;
				CLANG_WARN_COMMA = YES;
				CLANG_WARN_CONSTANT_CONVERSION = YES;
				CLANG_WARN_DEPRECATED_OBJC_IMPLEMENTATIONS = YES;
				CLANG_WARN_DIRECT_OBJC_ISA_USAGE = YES_ERROR;
				CLANG_WARN_DOCUMENTATION_COMMENTS = YES;
				CLANG_WARN_EMPTY_BODY = YES;
				CLANG_WARN_ENUM_CONVERSION = YES;
				CLANG_WARN_INFINITE_RECURSION = YES;
				CLANG_WARN_INT_CONVERSION = YES;
				CLANG_WARN_NON_LITERAL_NULL_CONVERSION = YES;
				CLANG_WARN_OBJC_IMPLICIT_RETAIN_SELF = YES;
				CLANG_WARN_OBJC_LITERAL_CONVERSION = YES;
				CLANG_WARN_OBJC_ROOT_CLASS = YES_ERROR;
				CLANG_WARN_RANGE_LOOP_ANALYSIS = YES;
				CLANG_WARN_STRICT_PROTOTYPES = YES;
				CLANG_WARN_SUSPICIOUS_MOVE = YES;
				CLANG_WARN_UNGUARDED_AVAILABILITY = YES_AGGRESSIVE;
				CLANG_WARN_UNREACHABLE_CODE = YES;
				CLANG_WARN__DUPLICATE_METHOD_MATCH = YES;
				CODE_SIGN_IDENTITY = "iPhone Developer";
				COPY_PHASE_STRIP = NO;
				DEBUG_INFORMATION_FORMAT = dwarf;
				ENABLE_STRICT_OBJC_MSGSEND = YES;
				ENABLE_TESTABILITY = YES;
				GCC_C_LANGUAGE_STANDARD = gnu11;
				GCC_DYNAMIC_NO_PIC = NO;
				GCC_NO_COMMON_BLOCKS = YES;
				GCC_OPTIMIZATION_LEVEL = 0;
				GCC_PREPROCESSOR_DEFINITIONS = (
					"DEBUG=1",
					"$(inherited)",
				);
				GCC_WARN_64_TO_32_BIT_CONVERSION = YES;
				GCC_WARN_ABOUT_RETURN_TYPE = YES_ERROR;
				GCC_WARN_UNDECLARED_SELECTOR = YES;
				GCC_WARN_UNINITIALIZED_AUTOS = YES_AGGRESSIVE;
				GCC_WARN_UNUSED_FUNCTION = YES;
				GCC_WARN_UNUSED_VARIABLE = YES;
				IPHONEOS_DEPLOYMENT_TARGET = 11.4;
				MTL_ENABLE_DEBUG_INFO = YES;
				ONLY_ACTIVE_ARCH = YES;
				SDKROOT = iphoneos;
				SWIFT_ACTIVE_COMPILATION_CONDITIONS = DEBUG;
				SWIFT_OPTIMIZATION_LEVEL = "-Onone";
			};
			name = Debug;
		};
		598E29B5230D28E500113D76 /* Release */ = {
			isa = XCBuildConfiguration;
			buildSettings = {
				ALWAYS_SEARCH_USER_PATHS = NO;
				CLANG_ANALYZER_NONNULL = YES;
				CLANG_ANALYZER_NUMBER_OBJECT_CONVERSION = YES_AGGRESSIVE;
				CLANG_CXX_LANGUAGE_STANDARD = "gnu++14";
				CLANG_CXX_LIBRARY = "libc++";
				CLANG_ENABLE_MODULES = YES;
				CLANG_ENABLE_OBJC_ARC = YES;
				CLANG_ENABLE_OBJC_WEAK = YES;
				CLANG_WARN_BLOCK_CAPTURE_AUTORELEASING = YES;
				CLANG_WARN_BOOL_CONVERSION = YES;
				CLANG_WARN_COMMA = YES;
				CLANG_WARN_CONSTANT_CONVERSION = YES;
				CLANG_WARN_DEPRECATED_OBJC_IMPLEMENTATIONS = YES;
				CLANG_WARN_DIRECT_OBJC_ISA_USAGE = YES_ERROR;
				CLANG_WARN_DOCUMENTATION_COMMENTS = YES;
				CLANG_WARN_EMPTY_BODY = YES;
				CLANG_WARN_ENUM_CONVERSION = YES;
				CLANG_WARN_INFINITE_RECURSION = YES;
				CLANG_WARN_INT_CONVERSION = YES;
				CLANG_WARN_NON_LITERAL_NULL_CONVERSION = YES;
				CLANG_WARN_OBJC_IMPLICIT_RETAIN_SELF = YES;
				CLANG_WARN_OBJC_LITERAL_CONVERSION = YES;
				CLANG_WARN_OBJC_ROOT_CLASS = YES_ERROR;
				CLANG_WARN_RANGE_LOOP_ANALYSIS = YES;
				CLANG_WARN_STRICT_PROTOTYPES = YES;
				CLANG_WARN_SUSPICIOUS_MOVE = YES;
				CLANG_WARN_UNGUARDED_AVAILABILITY = YES_AGGRESSIVE;
				CLANG_WARN_UNREACHABLE_CODE = YES;
				CLANG_WARN__DUPLICATE_METHOD_MATCH = YES;
				CODE_SIGN_IDENTITY = "iPhone Developer";
				COPY_PHASE_STRIP = NO;
				DEBUG_INFORMATION_FORMAT = "dwarf-with-dsym";
				ENABLE_NS_ASSERTIONS = NO;
				ENABLE_STRICT_OBJC_MSGSEND = YES;
				GCC_C_LANGUAGE_STANDARD = gnu11;
				GCC_NO_COMMON_BLOCKS = YES;
				GCC_WARN_64_TO_32_BIT_CONVERSION = YES;
				GCC_WARN_ABOUT_RETURN_TYPE = YES_ERROR;
				GCC_WARN_UNDECLARED_SELECTOR = YES;
				GCC_WARN_UNINITIALIZED_AUTOS = YES_AGGRESSIVE;
				GCC_WARN_UNUSED_FUNCTION = YES;
				GCC_WARN_UNUSED_VARIABLE = YES;
				IPHONEOS_DEPLOYMENT_TARGET = 11.4;
				MTL_ENABLE_DEBUG_INFO = NO;
				SDKROOT = iphoneos;
				SWIFT_COMPILATION_MODE = wholemodule;
				SWIFT_OPTIMIZATION_LEVEL = "-O";
				VALIDATE_PRODUCT = YES;
			};
			name = Release;
		};
		598E29B7230D28E500113D76 /* Debug */ = {
			isa = XCBuildConfiguration;
			buildSettings = {
				ASSETCATALOG_COMPILER_APPICON_NAME = AppIcon;
				CODE_SIGN_STYLE = Automatic;
				INFOPLIST_FILE = "Call API/Info.plist";
				LD_RUNPATH_SEARCH_PATHS = (
					"$(inherited)",
					"@executable_path/Frameworks",
				);
				PRODUCT_BUNDLE_IDENTIFIER = "tdc.edu.vn.Call-API";
				PRODUCT_NAME = "$(TARGET_NAME)";
				SWIFT_VERSION = 4.0;
				TARGETED_DEVICE_FAMILY = "1,2";
			};
			name = Debug;
		};
		598E29B8230D28E500113D76 /* Release */ = {
			isa = XCBuildConfiguration;
			buildSettings = {
				ASSETCATALOG_COMPILER_APPICON_NAME = AppIcon;
				CODE_SIGN_STYLE = Automatic;
				INFOPLIST_FILE = "Call API/Info.plist";
				LD_RUNPATH_SEARCH_PATHS = (
					"$(inherited)",
					"@executable_path/Frameworks",
				);
				PRODUCT_BUNDLE_IDENTIFIER = "tdc.edu.vn.Call-API";
				PRODUCT_NAME = "$(TARGET_NAME)";
				SWIFT_VERSION = 4.0;
				TARGETED_DEVICE_FAMILY = "1,2";
			};
			name = Release;
		};
		598E29BA230D28E500113D76 /* Debug */ = {
			isa = XCBuildConfiguration;
			buildSettings = {
				ALWAYS_EMBED_SWIFT_STANDARD_LIBRARIES = YES;
				BUNDLE_LOADER = "$(TEST_HOST)";
				CODE_SIGN_STYLE = Automatic;
				INFOPLIST_FILE = "Call APITests/Info.plist";
				LD_RUNPATH_SEARCH_PATHS = (
					"$(inherited)",
					"@executable_path/Frameworks",
					"@loader_path/Frameworks",
				);
				PRODUCT_BUNDLE_IDENTIFIER = "tdc.edu.vn.Call-APITests";
				PRODUCT_NAME = "$(TARGET_NAME)";
				SWIFT_VERSION = 4.0;
				TARGETED_DEVICE_FAMILY = "1,2";
				TEST_HOST = "$(BUILT_PRODUCTS_DIR)/Call API.app/Call API";
			};
			name = Debug;
		};
		598E29BB230D28E500113D76 /* Release */ = {
			isa = XCBuildConfiguration;
			buildSettings = {
				ALWAYS_EMBED_SWIFT_STANDARD_LIBRARIES = YES;
				BUNDLE_LOADER = "$(TEST_HOST)";
				CODE_SIGN_STYLE = Automatic;
				INFOPLIST_FILE = "Call APITests/Info.plist";
				LD_RUNPATH_SEARCH_PATHS = (
					"$(inherited)",
					"@executable_path/Frameworks",
					"@loader_path/Frameworks",
				);
				PRODUCT_BUNDLE_IDENTIFIER = "tdc.edu.vn.Call-APITests";
				PRODUCT_NAME = "$(TARGET_NAME)";
				SWIFT_VERSION = 4.0;
				TARGETED_DEVICE_FAMILY = "1,2";
				TEST_HOST = "$(BUILT_PRODUCTS_DIR)/Call API.app/Call API";
			};
			name = Release;
		};
/* End XCBuildConfiguration section */

/* Begin XCConfigurationList section */
		598E2994230D28E300113D76 /* Build configuration list for PBXProject "Call API" */ = {
			isa = XCConfigurationList;
			buildConfigurations = (
				598E29B4230D28E500113D76 /* Debug */,
				598E29B5230D28E500113D76 /* Release */,
			);
			defaultConfigurationIsVisible = 0;
			defaultConfigurationName = Release;
		};
		598E29B6230D28E500113D76 /* Build configuration list for PBXNativeTarget "Call API" */ = {
			isa = XCConfigurationList;
			buildConfigurations = (
				598E29B7230D28E500113D76 /* Debug */,
				598E29B8230D28E500113D76 /* Release */,
			);
			defaultConfigurationIsVisible = 0;
			defaultConfigurationName = Release;
		};
		598E29B9230D28E500113D76 /* Build configuration list for PBXNativeTarget "Call APITests" */ = {
			isa = XCConfigurationList;
			buildConfigurations = (
				598E29BA230D28E500113D76 /* Debug */,
				598E29BB230D28E500113D76 /* Release */,
			);
			defaultConfigurationIsVisible = 0;
			defaultConfigurationName = Release;
		};
/* End XCConfigurationList section */
	};
	rootObject = 598E2991230D28E300113D76 /* Project object */;
}
